
Microsoft Visual Studio Solution File, Format Version 12.00
# Visual Studio 15
VisualStudioVersion = 15.0.26124.0
MinimumVisualStudioVersion = 15.0.26124.0
Project("{FAE04EC0-301F-11D3-BF4B-00C04F79EFBC}") = "MvcWebApplication", "MvcWebApplication\MvcWebApplication.csproj", "{8A7C15B4-C7BA-40BF-B34C-168B51DF7C43}"
EndProject
Project("{2150E333-8FDC-42A3-9474-1A3956D46DE8}") = ".github", ".github", "{0821E67F-CB1A-4D5B-83E3-61BB363AD0D8}"
EndProject
Project("{FAE04EC0-301F-11D3-BF4B-00C04F79EFBC}") = "DependencyA", "DependencyA\DependencyA.csproj", "{DF3426F7-1DA6-4E61-BC05-CE074BF5C11A}"
EndProject
Project("{2150E333-8FDC-42A3-9474-1A3956D46DE8}") = "workflows", "workflows", "{55146AA5-A42C-4433-AE36-8482823F0508}"
ProjectSection(SolutionItems) = preProject
	.github\workflows\MSBuild.yml = .github\workflows\MSBuild.yml
EndProjectSection
EndProject
Project("{FAE04EC0-301F-11D3-BF4B-00C04F79EFBC}") = "TestProject", ".github\TestProject\TestProject.csproj", "{9A4D2D86-CEC1-4DD7-A915-B9D9F1E6118B}"
EndProject
Global
	GlobalSection(SolutionConfigurationPlatforms) = preSolution
		Debug|Any CPU = Debug|Any CPU
		Debug|x64 = Debug|x64
		Debug|x86 = Debug|x86
		Release|Any CPU = Release|Any CPU
		Release|x64 = Release|x64
		Release|x86 = Release|x86
	EndGlobalSection
	GlobalSection(SolutionProperties) = preSolution
		HideSolutionNode = FALSE
	EndGlobalSection
	GlobalSection(ProjectConfigurationPlatforms) = postSolution
		{8A7C15B4-C7BA-40BF-B34C-168B51DF7C43}.Debug|Any CPU.ActiveCfg = Debug|Any CPU
		{8A7C15B4-C7BA-40BF-B34C-168B51DF7C43}.Debug|Any CPU.Build.0 = Debug|Any CPU
		{8A7C15B4-C7BA-40BF-B34C-168B51DF7C43}.Debug|x64.ActiveCfg = Debug|Any CPU
		{8A7C15B4-C7BA-40BF-B34C-168B51DF7C43}.Debug|x64.Build.0 = Debug|Any CPU
		{8A7C15B4-C7BA-40BF-B34C-168B51DF7C43}.Debug|x86.ActiveCfg = Debug|Any CPU
		{8A7C15B4-C7BA-40BF-B34C-168B51DF7C43}.Debug|x86.Build.0 = Debug|Any CPU
		{8A7C15B4-C7BA-40BF-B34C-168B51DF7C43}.Release|Any CPU.ActiveCfg = Release|Any CPU
		{8A7C15B4-C7BA-40BF-B34C-168B51DF7C43}.Release|Any CPU.Build.0 = Release|Any CPU
		{8A7C15B4-C7BA-40BF-B34C-168B51DF7C43}.Release|x64.ActiveCfg = Release|Any CPU
		{8A7C15B4-C7BA-40BF-B34C-168B51DF7C43}.Release|x64.Build.0 = Release|Any CPU
		{8A7C15B4-C7BA-40BF-B34C-168B51DF7C43}.Release|x86.ActiveCfg = Release|Any CPU
		{8A7C15B4-C7BA-40BF-B34C-168B51DF7C43}.Release|x86.Build.0 = Release|Any CPU
		{DF3426F7-1DA6-4E61-BC05-CE074BF5C11A}.Debug|Any CPU.ActiveCfg = Debug|Any CPU
		{DF3426F7-1DA6-4E61-BC05-CE074BF5C11A}.Debug|Any CPU.Build.0 = Debug|Any CPU
		{DF3426F7-1DA6-4E61-BC05-CE074BF5C11A}.Debug|x64.ActiveCfg = Debug|Any CPU
		{DF3426F7-1DA6-4E61-BC05-CE074BF5C11A}.Debug|x64.Build.0 = Debug|Any CPU
		{DF3426F7-1DA6-4E61-BC05-CE074BF5C11A}.Debug|x86.ActiveCfg = Debug|Any CPU
		{DF3426F7-1DA6-4E61-BC05-CE074BF5C11A}.Debug|x86.Build.0 = Debug|Any CPU
		{DF3426F7-1DA6-4E61-BC05-CE074BF5C11A}.Release|Any CPU.ActiveCfg = Release|Any CPU
		{DF3426F7-1DA6-4E61-BC05-CE074BF5C11A}.Release|Any CPU.Build.0 = Release|Any CPU
		{DF3426F7-1DA6-4E61-BC05-CE074BF5C11A}.Release|x64.ActiveCfg = Release|Any CPU
		{DF3426F7-1DA6-4E61-BC05-CE074BF5C11A}.Release|x64.Build.0 = Release|Any CPU
		{DF3426F7-1DA6-4E61-BC05-CE074BF5C11A}.Release|x86.ActiveCfg = Release|Any CPU
		{DF3426F7-1DA6-4E61-BC05-CE074BF5C11A}.Release|x86.Build.0 = Release|Any CPU
		{9A4D2D86-CEC1-4DD7-A915-B9D9F1E6118B}.Debug|Any CPU.ActiveCfg = Debug|Any CPU
		{9A4D2D86-CEC1-4DD7-A915-B9D9F1E6118B}.Debug|Any CPU.Build.0 = Debug|Any CPU
		{9A4D2D86-CEC1-4DD7-A915-B9D9F1E6118B}.Debug|x64.ActiveCfg = Debug|Any CPU
		{9A4D2D86-CEC1-4DD7-A915-B9D9F1E6118B}.Debug|x64.Build.0 = Debug|Any CPU
		{9A4D2D86-CEC1-4DD7-A915-B9D9F1E6118B}.Debug|x86.ActiveCfg = Debug|Any CPU
		{9A4D2D86-CEC1-4DD7-A915-B9D9F1E6118B}.Debug|x86.Build.0 = Debug|Any CPU
		{9A4D2D86-CEC1-4DD7-A915-B9D9F1E6118B}.Release|Any CPU.ActiveCfg = Release|Any CPU
		{9A4D2D86-CEC1-4DD7-A915-B9D9F1E6118B}.Release|Any CPU.Build.0 = Release|Any CPU
		{9A4D2D86-CEC1-4DD7-A915-B9D9F1E6118B}.Release|x64.ActiveCfg = Release|Any CPU
		{9A4D2D86-CEC1-4DD7-A915-B9D9F1E6118B}.Release|x64.Build.0 = Release|Any CPU
		{9A4D2D86-CEC1-4DD7-A915-B9D9F1E6118B}.Release|x86.ActiveCfg = Release|Any CPU
		{9A4D2D86-CEC1-4DD7-A915-B9D9F1E6118B}.Release|x86.Build.0 = Release|Any CPU
	EndGlobalSection
	GlobalSection(NestedProjects) = preSolution
		{55146AA5-A42C-4433-AE36-8482823F0508} = {0821E67F-CB1A-4D5B-83E3-61BB363AD0D8}
	EndGlobalSection
EndGlobal
